
Microsoft Visual Studio Solution File, Format Version 12.00
# Visual Studio Version 17
VisualStudioVersion = 17.11.35208.52
MinimumVisualStudioVersion = 10.0.40219.1
Project("{9A19103F-16F7-4668-BE54-9A1E7A4F7556}") = "YumBlazor", "YumBlazor\YumBlazor.csproj", "{BDA360D1-B6FB-434D-BE2F-AEA6A99C8A77}"
EndProject
Global
	GlobalSection(SolutionConfigurationPlatforms) = preSolution
		Debug|Any CPU = Debug|Any CPU
		Release|Any CPU = Release|Any CPU
	EndGlobalSection
	GlobalSection(ProjectConfigurationPlatforms) = postSolution
		{BDA360D1-B6FB-434D-BE2F-AEA6A99C8A77}.Debug|Any CPU.ActiveCfg = Debug|Any CPU
		{BDA360D1-B6FB-434D-BE2F-AEA6A99C8A77}.Debug|Any CPU.Build.0 = Debug|Any CPU
		{BDA360D1-B6FB-434D-BE2F-AEA6A99C8A77}.Release|Any CPU.ActiveCfg = Release|Any CPU
		{BDA360D1-B6FB-434D-BE2F-AEA6A99C8A77}.Release|Any CPU.Build.0 = Release|Any CPU
	EndGlobalSection
	GlobalSection(SolutionProperties) = preSolution
		HideSolutionNode = FALSE
	EndGlobalSection
	GlobalSection(ExtensibilityGlobals) = postSolution
		SolutionGuid = {A14CA2D9-BB9D-4796-9C13-854095CF15FC}
	EndGlobalSection
EndGlobal
